{
  "version": 4,
  "terraform_version": "0.12.20",
  "serial": 17,
  "lineage": "2e49c5ee-de79-c23f-5bdc-762e8035872c",
  "outputs": {},
  "resources": [
    {
      "mode": "data",
      "type": "archive_file",
      "name": "bundle",
      "provider": "provider.archive",
      "instances": [
        {
          "schema_version": 0,
          "attributes": {
            "excludes": null,
            "id": "018ed06141d936a0482b6f6b0d20ec5aedc7a7f9",
            "output_base64sha256": "WKiWJI1wHtSly8wmw+D1eQWlrOBRWmIOwoLlCR6nLo0=",
            "output_md5": "f6721c6c21f9f3e7c973967f88af6f80",
            "output_path": "../apigee/Terraform/proxy_files_bundle/apiproxy.zip",
            "output_sha": "018ed06141d936a0482b6f6b0d20ec5aedc7a7f9",
            "output_size": 2921,
            "source": [],
            "source_content": null,
            "source_content_filename": null,
            "source_dir": "../apigee/Terraform/proxy_files",
            "source_file": null,
            "type": "zip"
          }
        }
      ]
    },
    {
      "mode": "managed",
      "type": "apigee_api_proxy",
      "name": "saitechtips_proxy",
      "provider": "provider.apigee",
      "instances": [
        {
          "schema_version": 0,
          "attributes": {
            "bundle": "../apigee/Terraform/proxy_files_bundle/apiproxy.zip",
            "bundle_sha": "018ed06141d936a0482b6f6b0d20ec5aedc7a7f9",
            "id": "c3739995-90a7-46bb-ab30-9ec37bebb371",
            "name": "saitechtips",
            "revision": "9",
            "revision_sha": "018ed06141d936a0482b6f6b0d20ec5aedc7a7f9"
          },
          "private": "bnVsbA=="
        }
      ]
    },
    {
      "mode": "managed",
      "type": "apigee_api_proxy_deployment",
      "name": "saitechtips_proxy_deployment",
      "provider": "provider.apigee",
      "instances": [
        {
          "schema_version": 0,
          "attributes": {
            "delay": 0,
            "env": "test",
            "id": "6ce4ee88-093b-4bab-ac24-e3b4ff87907c",
            "org": "sairamaj-eval",
            "override": false,
            "proxy_name": "saitechtips",
            "revision": "9"
          },
          "private": "bnVsbA==",
          "dependencies": [
            "apigee_api_proxy.saitechtips_proxy"
          ]
        }
      ]
    },
    {
      "mode": "managed",
      "type": "apigee_developer",
      "name": "saitechtips_developer",
      "provider": "provider.apigee",
      "instances": [
        {
          "schema_version": 0,
          "attributes": {
            "apps": [
              "saitechtips_developer_app"
            ],
            "attributes": {
              "DisplayName": "SaiTechApp",
              "Notes": "App used for accessing sai tech api",
              "custom_attribute_name": "some custom attribute here."
            },
            "developer_id": "e5f604a6-1e19-422a-b2bc-b7f419e21c85",
            "email": "saitechtips@test.com",
            "first_name": "SaiTech",
            "id": "56268cec-aafd-4a82-b292-d499c0e054ce",
            "last_name": "Sample",
            "status": "active",
            "user_name": "saitechtips"
          },
          "private": "bnVsbA=="
        }
      ]
    },
    {
      "mode": "managed",
      "type": "apigee_developer_app",
      "name": "saitechtips_developer_app",
      "provider": "provider.apigee",
      "instances": [
        {
          "schema_version": 0,
          "attributes": {
            "api_products": [
              "saitechtips-product"
            ],
            "app_id": "adfffa7e-8226-461c-a677-b7a881de3426",
            "attributes": null,
            "callback_url": "",
            "developer_email": "saitechtips@test.com",
            "developer_id": "e5f604a6-1e19-422a-b2bc-b7f419e21c85",
            "id": "fcdce969-02b7-418a-9491-aa1684f1a6f7",
            "key_expires_in": null,
            "name": "saitechtips_developer_app",
            "scopes": [],
            "status": "approved"
          },
          "private": "bnVsbA==",
          "dependencies": [
            "apigee_api_proxy.saitechtips_proxy",
            "apigee_developer.saitechtips_developer",
            "apigee_product.saitechtips_product"
          ]
        }
      ]
    },
    {
      "mode": "managed",
      "type": "apigee_product",
      "name": "saitechtips_product",
      "provider": "provider.apigee",
      "instances": [
        {
          "schema_version": 0,
          "attributes": {
            "api_resources": [
              "/"
            ],
            "approval_type": "auto",
            "attributes": null,
            "description": "",
            "display_name": "saitechtips-product",
            "environments": null,
            "id": "2dbcfe8f-7f11-4cb0-9927-5894b1c9f096",
            "name": "saitechtips-product",
            "proxies": [
              "saitechtips"
            ],
            "quota": "",
            "quota_interval": "",
            "quota_time_unit": "",
            "scopes": null
          },
          "private": "bnVsbA==",
          "dependencies": [
            "apigee_api_proxy.saitechtips_proxy"
          ]
        }
      ]
    }
  ]
}
